PODS:
  - KVOController (1.0.1)
  - OCMock (2.2.4)
  - pop (1.0.3)
  - Shimmer (1.0.1)

DEPENDENCIES:
  - KVOController (~> 1.0.0)
  - OCMock (~> 2.2.3)
  - pop (~> 1.0.2)
  - Shimmer (~> 1.0.1)

SPEC CHECKSUMS:
  KVOController: 2205f0d1a24f919e92a8f0b3254ac3ca40412f1a
  OCMock: 5008fae4b4789b8fc3e48cd7660f2eb5ef8ce89e
  pop: 7b5b9e8735d9ea34818c0ceab493a92b5f0259c7
  Shimmer: a1b92685f04ae7363e655f636a41a276dbb1507e

COCOAPODS: 0.32.1
